
Microsoft Visual Studio Solution File, Format Version 12.00
# Visual Studio Version 17
VisualStudioVersion = 17.0.32112.339
MinimumVisualStudioVersion = 10.0.40219.1
Project("{9A19103F-16F7-4668-BE54-9A1E7A4F7556}") = "DALBank", "DALBank.csproj", "{FDE20A9A-E9A1-4C83-9534-B3E17ED5905D}"
EndProject
Global
	GlobalSection(SolutionConfigurationPlatforms) = preSolution
		Debug|Any CPU = Debug|Any CPU
		Release|Any CPU = Release|Any CPU
	EndGlobalSection
	GlobalSection(ProjectConfigurationPlatforms) = postSolution
		{FDE20A9A-E9A1-4C83-9534-B3E17ED5905D}.Debug|Any CPU.ActiveCfg = Debug|Any CPU
		{FDE20A9A-E9A1-4C83-9534-B3E17ED5905D}.Debug|Any CPU.Build.0 = Debug|Any CPU
		{FDE20A9A-E9A1-4C83-9534-B3E17ED5905D}.Release|Any CPU.ActiveCfg = Release|Any CPU
		{FDE20A9A-E9A1-4C83-9534-B3E17ED5905D}.Release|Any CPU.Build.0 = Release|Any CPU
	EndGlobalSection
	GlobalSection(SolutionProperties) = preSolution
		HideSolutionNode = FALSE
	EndGlobalSection
	GlobalSection(ExtensibilityGlobals) = postSolution
		SolutionGuid = {BA98073B-40AE-4967-A1A5-C075FFBAAA2C}
	EndGlobalSection
EndGlobal
